<?xml version="1.0" encoding="utf-8"?>
<Project ToolsVersion="4.0" xmlns="http://schemas.microsoft.com/developer/msbuild/2003">
  <ItemGroup>
    <Filter Include="Source Files">
      <UniqueIdentifier>{4FC737F1-C7A5-4376-A066-2A32D752A2FF}</UniqueIdentifier>
      <Extensions>cpp;c;cc;cxx;c++;cppm;ixx;def;odl;idl;hpj;bat;asm;asmx</Extensions>
    </Filter>
    <Filter Include="Header Files">
      <UniqueIdentifier>{93995380-89BD-4b04-88EB-625FBE52EBFB}</UniqueIdentifier>
      <Extensions>h;hh;hpp;hxx;h++;hm;inl;inc;ipp;xsd</Extensions>
    </Filter>
    <Filter Include="Resource Files">
      <UniqueIdentifier>{67DA6AB6-F800-4c08-8B7A-83BB121AAD01}</UniqueIdentifier>
      <Extensions>rc;ico;cur;bmp;dlg;rc2;rct;bin;rgs;gif;jpg;jpeg;jpe;resx;tiff;tif;png;wav;mfcribbon-ms</Extensions>
    </Filter>
    <Filter Include="Source Files\CoreTone">
      <UniqueIdentifier>{bb704914-1ecc-42b0-a4c3-ca088873febc}</UniqueIdentifier>
    </Filter>
    <Filter Include="Header Files\CoreTone">
      <UniqueIdentifier>{c19d45b3-e7ec-43e0-b030-61309975c196}</UniqueIdentifier>
    </Filter>
  </ItemGroup>
  <ItemGroup>
    <ClCompile Include="BupBoopConv.cpp">
      <Filter>Source Files</Filter>
    </ClCompile>
    <ClCompile Include="CoreTone\channel.c">
      <Filter>Source Files\CoreTone</Filter>
    </ClCompile>
    <ClCompile Include="CoreTone\coretone.c">
      <Filter>Source Files\CoreTone</Filter>
    </ClCompile>
    <ClCompile Include="CoreTone\music.c">
      <Filter>Source Files\CoreTone</Filter>
    </ClCompile>
    <ClCompile Include="CoreTone\sample.c">
      <Filter>Source Files\CoreTone</Filter>
    </ClCompile>
    <ClCompile Include="ADPCMEncode.cpp">
      <Filter>Source Files</Filter>
    </ClCompile>
  </ItemGroup>
  <ItemGroup>
    <ClInclude Include="CoreTone\channel.h">
      <Filter>Header Files\CoreTone</Filter>
    </ClInclude>
    <ClInclude Include="CoreTone\coretone.h">
      <Filter>Header Files\CoreTone</Filter>
    </ClInclude>
    <ClInclude Include="CoreTone\music.h">
      <Filter>Header Files\CoreTone</Filter>
    </ClInclude>
    <ClInclude Include="CoreTone\resource.h">
      <Filter>Header Files\CoreTone</Filter>
    </ClInclude>
    <ClInclude Include="CoreTone\sample.h">
      <Filter>Header Files\CoreTone</Filter>
    </ClInclude>
    <ClInclude Include="ADPCMEncode.h">
      <Filter>Header Files</Filter>
    </ClInclude>
  </ItemGroup>
</Project>